
Microsoft Visual Studio Solution File, Format Version 12.00
# Visual Studio Version 17
VisualStudioVersion = 17.9.34728.123
MinimumVisualStudioVersion = 10.0.40219.1
Project("{FAE04EC0-301F-11D3-BF4B-00C04F79EFBC}") = "project-back", "project-back\project-back.csproj", "{B25DA067-7594-4314-893E-990A96410E30}"
EndProject
Global
	GlobalSection(SolutionConfigurationPlatforms) = preSolution
		Debug|Any CPU = Debug|Any CPU
		Release|Any CPU = Release|Any CPU
	EndGlobalSection
	GlobalSection(ProjectConfigurationPlatforms) = postSolution
		{B25DA067-7594-4314-893E-990A96410E30}.Debug|Any CPU.ActiveCfg = Debug|Any CPU
		{B25DA067-7594-4314-893E-990A96410E30}.Debug|Any CPU.Build.0 = Debug|Any CPU
		{B25DA067-7594-4314-893E-990A96410E30}.Release|Any CPU.ActiveCfg = Release|Any CPU
		{B25DA067-7594-4314-893E-990A96410E30}.Release|Any CPU.Build.0 = Release|Any CPU
	EndGlobalSection
	GlobalSection(SolutionProperties) = preSolution
		HideSolutionNode = FALSE
	EndGlobalSection
	GlobalSection(ExtensibilityGlobals) = postSolution
		SolutionGuid = {8D128AEC-D353-4118-83E4-F1DD95477F8B}
	EndGlobalSection
EndGlobal
